// !$*UTF8*$!
{
	archiveVersion = 1;
	classes = {
	};
	objectVersion = 77;
	objects = {

/* Begin PBXContainerItemProxy section */
		A94F971D2F1563C9004FEB6E /* PBXContainerItemProxy */ = {
			isa = PBXContainerItemProxy;
			containerPortal = A94F97072F1563C6004FEB6E /* Project object */;
			proxyType = 1;
			remoteGlobalIDString = A94F970E2F1563C6004FEB6E;
			remoteInfo = Echoapp;
		};
		A94F97272F1563C9004FEB6E /* PBXContainerItemProxy */ = {
			isa = PBXContainerItemProxy;
			containerPortal = A94F97072F1563C6004FEB6E /* Project object */;
			proxyType = 1;
			remoteGlobalIDString = A94F970E2F1563C6004FEB6E;
			remoteInfo = Echoapp;
		};
/* End PBXContainerItemProxy section */

/* Begin PBXFileReference section */
		A94F970F2F1563C6004FEB6E /* Echoapp.app */ = {isa = PBXFileReference; explicitFileType = wrapper.application; includeInIndex = 0; path = Echoapp.app; sourceTree = BUILT_PRODUCTS_DIR; };
		A94F971C2F1563C9004FEB6E /* EchoappTests.xctest */ = {isa = PBXFileReference; explicitFileType = wrapper.cfbundle; includeInIndex = 0; path = EchoappTests.xctest; sourceTree = BUILT_PRODUCTS_DIR; };
		A94F97262F1563C9004FEB6E /* EchoappUITests.xctest */ = {isa = PBXFileReference; explicitFileType = wrapper.cfbundle; includeInIndex = 0; path = EchoappUITests.xctest; sourceTree = BUILT_PRODUCTS_DIR; };
/* End PBXFileReference section */

/* Begin PBXFileSystemSynchronizedBuildFileExceptionSet section */
		A976152B2F1A160C00AE59A1 /* Exceptions for "Echoapp" folder in "Echoapp" target */ = {
			isa = PBXFileSystemSynchronizedBuildFileExceptionSet;
			membershipExceptions = (
				Info.plist,
			);
			target = A94F970E2F1563C6004FEB6E /* Echoapp */;
		};
/* End PBXFileSystemSynchronizedBuildFileExceptionSet section */

/* Begin PBXFileSystemSynchronizedRootGroup section */
		A94F97112F1563C6004FEB6E /* Echoapp */ = {
			isa = PBXFileSystemSynchronizedRootGroup;
			exceptions = (
				A976152B2F1A160C00AE59A1 /* Exceptions for "Echoapp" folder in "Echoapp" target */,
			);
			path = Echoapp;
			sourceTree = "<group>";
		};
		A94F971F2F1563C9004FEB6E /* EchoappTests */ = {
			isa = PBXFileSystemSynchronizedRootGroup;
			path = EchoappTests;
			sourceTree = "<group>";
		};
		A94F97292F1563C9004FEB6E /* EchoappUITests */ = {
			isa = PBXFileSystemSynchronizedRootGroup;
			path = EchoappUITests;
			sourceTree = "<group>";
		};
/* End PBXFileSystemSynchronizedRootGroup section */

/* Begin PBXFrameworksBuildPhase section */
		A94F970C2F1563C6004FEB6E /* Frameworks */ = {
			isa = PBXFrameworksBuildPhase;
			buildActionMask = 2147483647;
			files = (
			);
			runOnlyForDeploymentPostprocessing = 0;
		};
		A94F97192F1563C9004FEB6E /* Frameworks */ = {
			isa = PBXFrameworksBuildPhase;
			buildActionMask = 2147483647;
			files = (
			);
			runOnlyForDeploymentPostprocessing = 0;
		};
		A94F97232F1563C9004FEB6E /* Frameworks */ = {
			isa = PBXFrameworksBuildPhase;
			buildActionMask = 2147483647;
			files = (
			);
			runOnlyForDeploymentPostprocessing = 0;
		};
/* End PBXFrameworksBuildPhase section */

/* Begin PBXGroup section */
		A94F97062F1563C6004FEB6E = {
			isa = PBXGroup;
			children = (
				A94F97112F1563C6004FEB6E /* Echoapp */,
				A94F971F2F1563C9004FEB6E /* EchoappTests */,
				A94F97292F1563C9004FEB6E /* EchoappUITests */,
				A94F97102F1563C6004FEB6E /* Products */,
			);
			sourceTree = "<group>";
		};
		A94F97102F1563C6004FEB6E /* Products */ = {
			isa = PBXGroup;
			children = (
				A94F970F2F1563C6004FEB6E /* Echoapp.app */,
				A94F971C2F1563C9004FEB6E /* EchoappTests.xctest */,
				A94F97262F1563C9004FEB6E /* EchoappUITests.xctest */,
			);
			name = Products;
			sourceTree = "<group>";
		};
/* End PBXGroup section */

/* Begin PBXNativeTarget section */
		A94F970E2F1563C6004FEB6E /* Echoapp */ = {
			isa = PBXNativeTarget;
			buildConfigurationList = A94F97302F1563C9004FEB6E /* Build configuration list for PBXNativeTarget "Echoapp" */;
			buildPhases = (
				A94F970B2F1563C6004FEB6E /* Sources */,
				A94F970C2F1563C6004FEB6E /* Frameworks */,
				A94F970D2F1563C6004FEB6E /* Resources */,
			);
			buildRules = (
			);
			dependencies = (
			);
			fileSystemSynchronizedGroups = (
				A94F97112F1563C6004FEB6E /* Echoapp */,
			);
			name = Echoapp;
			packageProductDependencies = (
			);
			productName = Echoapp;
			productReference = A94F970F2F1563C6004FEB6E /* Echoapp.app */;
			productType = "com.apple.product-type.application";
		};
		A94F971B2F1563C9004FEB6E /* EchoappTests */ = {
			isa = PBXNativeTarget;
			buildConfigurationList = A94F97332F1563C9004FEB6E /* Build configuration list for PBXNativeTarget "EchoappTests" */;
			buildPhases = (
				A94F97182F1563C9004FEB6E /* Sources */,
				A94F97192F1563C9004FEB6E /* Frameworks */,
				A94F971A2F1563C9004FEB6E /* Resources */,
			);
			buildRules = (
			);
			dependencies = (
				A94F971E2F1563C9004FEB6E /* PBXTargetDependency */,
			);
			fileSystemSynchronizedGroups = (
				A94F971F2F1563C9004FEB6E /* EchoappTests */,
			);
			name = EchoappTests;
			packageProductDependencies = (
			);
			productName = EchoappTests;
			productReference = A94F971C2F1563C9004FEB6E /* EchoappTests.xctest */;
			productType = "com.apple.product-type.bundle.unit-test";
		};
		A94F97252F1563C9004FEB6E /* EchoappUITests */ = {
			isa = PBXNativeTarget;
			buildConfigurationList = A94F97362F1563C9004FEB6E /* Build configuration list for PBXNativeTarget "EchoappUITests" */;
			buildPhases = (
				A94F97222F1563C9004FEB6E /* Sources */,
				A94F97232F1563C9004FEB6E /* Frameworks */,
				A94F97242F1563C9004FEB6E /* Resources */,
			);
			buildRules = (
			);
			dependencies = (
				A94F97282F1563C9004FEB6E /* PBXTargetDependency */,
			);
			fileSystemSynchronizedGroups = (
				A94F97292F1563C9004FEB6E /* EchoappUITests */,
			);
			name = EchoappUITests;
			packageProductDependencies = (
			);
			productName = EchoappUITests;
			productReference = A94F97262F1563C9004FEB6E /* EchoappUITests.xctest */;
			productType = "com.apple.product-type.bundle.ui-testing";
		};
/* End PBXNativeTarget section */

/* Begin PBXProject section */
		A94F97072F1563C6004FEB6E /* Project object */ = {
			isa = PBXProject;
			attributes = {
				BuildIndependentTargetsInParallel = 1;
				LastSwiftUpdateCheck = 1640;
				LastUpgradeCheck = 1640;
				TargetAttributes = {
					A94F970E2F1563C6004FEB6E = {
						CreatedOnToolsVersion = 16.4;
					};
					A94F971B2F1563C9004FEB6E = {
						CreatedOnToolsVersion = 16.4;
						TestTargetID = A94F970E2F1563C6004FEB6E;
					};
					A94F97252F1563C9004FEB6E = {
						CreatedOnToolsVersion = 16.4;
						TestTargetID = A94F970E2F1563C6004FEB6E;
					};
				};
			};
			buildConfigurationList = A94F970A2F1563C6004FEB6E /* Build configuration list for PBXProject "Echoapp" */;
			developmentRegion = en;
			hasScannedForEncodings = 0;
			knownRegions = (
				en,
				Base,
			);
			mainGroup = A94F97062F1563C6004FEB6E;
			minimizedProjectReferenceProxies = 1;
			preferredProjectObjectVersion = 77;
			productRefGroup = A94F97102F1563C6004FEB6E /* Products */;
			projectDirPath = "";
			projectRoot = "";
			targets = (
				A94F970E2F1563C6004FEB6E /* Echoapp */,
				A94F971B2F1563C9004FEB6E /* EchoappTests */,
				A94F97252F1563C9004FEB6E /* EchoappUITests */,
			);
		};
/* End PBXProject section */

/* Begin PBXResourcesBuildPhase section */
		A94F970D2F1563C6004FEB6E /* Resources */ = {
			isa = PBXResourcesBuildPhase;
			buildActionMask = 2147483647;
			files = (
			);
			runOnlyForDeploymentPostprocessing = 0;
		};
		A94F971A2F1563C9004FEB6E /* Resources */ = {
			isa = PBXResourcesBuildPhase;
			buildActionMask = 2147483647;
			files = (
			);
			runOnlyForDeploymentPostprocessing = 0;
		};
		A94F97242F1563C9004FEB6E /* Resources */ = {
			isa = PBXResourcesBuildPhase;
			buildActionMask = 2147483647;
			files = (
			);
			runOnlyForDeploymentPostprocessing = 0;
		};
/* End PBXResourcesBuildPhase section */

/* Begin PBXSourcesBuildPhase section */
		A94F970B2F1563C6004FEB6E /* Sources */ = {
			isa = PBXSourcesBuildPhase;
			buildActionMask = 2147483647;
			files = (
			);
			runOnlyForDeploymentPostprocessing = 0;
		};
		A94F97182F1563C9004FEB6E /* Sources */ = {
			isa = PBXSourcesBuildPhase;
			buildActionMask = 2147483647;
			files = (
			);
			runOnlyForDeploymentPostprocessing = 0;
		};
		A94F97222F1563C9004FEB6E /* Sources */ = {
			isa = PBXSourcesBuildPhase;
			buildActionMask = 2147483647;
			files = (
			);
			runOnlyForDeploymentPostprocessing = 0;
		};
/* End PBXSourcesBuildPhase section */

/* Begin PBXTargetDependency section */
		A94F971E2F1563C9004FEB6E /* PBXTargetDependency */ = {
			isa = PBXTargetDependency;
			target = A94F970E2F1563C6004FEB6E /* Echoapp */;
			targetProxy = A94F971D2F1563C9004FEB6E /* PBXContainerItemProxy */;
		};
		A94F97282F1563C9004FEB6E /* PBXTargetDependency */ = {
			isa = PBXTargetDependency;
			target = A94F970E2F1563C6004FEB6E /* Echoapp */;
			targetProxy = A94F97272F1563C9004FEB6E /* PBXContainerItemProxy */;
		};
/* End PBXTargetDependency section */

/* Begin XCBuildConfiguration section */
		A94F972E2F1563C9004FEB6E /* Debug */ = {
			isa = XCBuildConfiguration;
			buildSettings = {
				ALWAYS_SEARCH_USER_PATHS = NO;
				ASSETCATALOG_COMPILER_GENERATE_SWIFT_ASSET_SYMBOL_EXTENSIONS = YES;
				CLANG_ANALYZER_NONNULL = YES;
				CLANG_ANALYZER_NUMBER_OBJECT_CONVERSION = YES_AGGRESSIVE;
				CLANG_CXX_LANGUAGE_STANDARD = "gnu++20";
				CLANG_ENABLE_MODULES = YES;
				CLANG_ENABLE_OBJC_ARC = YES;
				CLANG_ENABLE_OBJC_WEAK = YES;
				CLANG_WARN_BLOCK_CAPTURE_AUTORELEASING = YES;
				CLANG_WARN_BOOL_CONVERSION = YES;
				CLANG_WARN_COMMA = YES;
				CLANG_WARN_CONSTANT_CONVERSION = YES;
				CLANG_WARN_DEPRECATED_OBJC_IMPLEMENTATIONS = YES;
				CLANG_WARN_DIRECT_OBJC_ISA_USAGE = YES_ERROR;
				CLANG_WARN_DOCUMENTATION_COMMENTS = YES;
				CLANG_WARN_EMPTY_BODY = YES;
				CLANG_WARN_ENUM_CONVERSION = YES;
				CLANG_WARN_INFINITE_RECURSION = YES;
				CLANG_WARN_INT_CONVERSION = YES;
				CLANG_WARN_NON_LITERAL_NULL_CONVERSION = YES;
				CLANG_WARN_OBJC_IMPLICIT_RETAIN_SELF = YES;
				CLANG_WARN_OBJC_LITERAL_CONVERSION = YES;
				CLANG_WARN_OBJC_ROOT_CLASS = YES_ERROR;
				CLANG_WARN_QUOTED_INCLUDE_IN_FRAMEWORK_HEADER = YES;
				CLANG_WARN_RANGE_LOOP_ANALYSIS = YES;
				CLANG_WARN_STRICT_PROTOTYPES = YES;
				CLANG_WARN_SUSPICIOUS_MOVE = YES;
				CLANG_WARN_UNGUARDED_AVAILABILITY = YES_AGGRESSIVE;
				CLANG_WARN_UNREACHABLE_CODE = YES;
				CLANG_WARN__DUPLICATE_METHOD_MATCH = YES;
				COPY_PHASE_STRIP = NO;
				DEBUG_INFORMATION_FORMAT = dwarf;
				ENABLE_STRICT_OBJC_MSGSEND = YES;
				ENABLE_TESTABILITY = YES;
				ENABLE_USER_SCRIPT_SANDBOXING = YES;
				GCC_C_LANGUAGE_STANDARD = gnu17;
				GCC_DYNAMIC_NO_PIC = NO;
				GCC_NO_COMMON_BLOCKS = YES;
				GCC_OPTIMIZATION_LEVEL = 0;
				GCC_PREPROCESSOR_DEFINITIONS = (
					"DEBUG=1",
					"$(inherited)",
				);
				GCC_WARN_64_TO_32_BIT_CONVERSION = YES;
				GCC_WARN_ABOUT_RETURN_TYPE = YES_ERROR;
				GCC_WARN_UNDECLARED_SELECTOR = YES;
				GCC_WARN_UNINITIALIZED_AUTOS = YES_AGGRESSIVE;
				GCC_WARN_UNUSED_FUNCTION = YES;
				GCC_WARN_UNUSED_VARIABLE = YES;
				IPHONEOS_DEPLOYMENT_TARGET = 17.0;
				LOCALIZATION_PREFERS_STRING_CATALOGS = YES;
				MTL_ENABLE_DEBUG_INFO = INCLUDE_SOURCE;
				MTL_FAST_MATH = YES;
				ONLY_ACTIVE_ARCH = YES;
				SDKROOT = iphoneos;
				SWIFT_ACTIVE_COMPILATION_CONDITIONS = "DEBUG $(inherited)";
				SWIFT_OPTIMIZATION_LEVEL = "-Onone";
			};
			name = Debug;
		};
		A94F972F2F1563C9004FEB6E /* Release */ = {
			isa = XCBuildConfiguration;
			buildSettings = {
				ALWAYS_SEARCH_USER_PATHS = NO;
				ASSETCATALOG_COMPILER_GENERATE_SWIFT_ASSET_SYMBOL_EXTENSIONS = YES;
				CLANG_ANALYZER_NONNULL = YES;
				CLANG_ANALYZER_NUMBER_OBJECT_CONVERSION = YES_AGGRESSIVE;
				CLANG_CXX_LANGUAGE_STANDARD = "gnu++20";
				CLANG_ENABLE_MODULES = YES;
				CLANG_ENABLE_OBJC_ARC = YES;
				CLANG_ENABLE_OBJC_WEAK = YES;
				CLANG_WARN_BLOCK_CAPTURE_AUTORELEASING = YES;
				CLANG_WARN_BOOL_CONVERSION = YES;
				CLANG_WARN_COMMA = YES;
				CLANG_WARN_CONSTANT_CONVERSION = YES;
				CLANG_WARN_DEPRECATED_OBJC_IMPLEMENTATIONS = YES;
				CLANG_WARN_DIRECT_OBJC_ISA_USAGE = YES_ERROR;
				CLANG_WARN_DOCUMENTATION_COMMENTS = YES;
				CLANG_WARN_EMPTY_BODY = YES;
				CLANG_WARN_ENUM_CONVERSION = YES;
				CLANG_WARN_INFINITE_RECURSION = YES;
				CLANG_WARN_INT_CONVERSION = YES;
				CLANG_WARN_NON_LITERAL_NULL_CONVERSION = YES;
				CLANG_WARN_OBJC_IMPLICIT_RETAIN_SELF = YES;
				CLANG_WARN_OBJC_LITERAL_CONVERSION = YES;
				CLANG_WARN_OBJC_ROOT_CLASS = YES_ERROR;
				CLANG_WARN_QUOTED_INCLUDE_IN_FRAMEWORK_HEADER = YES;
				CLANG_WARN_RANGE_LOOP_ANALYSIS = YES;
				CLANG_WARN_STRICT_PROTOTYPES = YES;
				CLANG_WARN_SUSPICIOUS_MOVE = YES;
				CLANG_WARN_UNGUARDED_AVAILABILITY = YES_AGGRESSIVE;
				CLANG_WARN_UNREACHABLE_CODE = YES;
				CLANG_WARN__DUPLICATE_METHOD_MATCH = YES;
				COPY_PHASE_STRIP = NO;
				DEBUG_INFORMATION_FORMAT = "dwarf-with-dsym";
				ENABLE_NS_ASSERTIONS = NO;
				ENABLE_STRICT_OBJC_MSGSEND = YES;
				ENABLE_USER_SCRIPT_SANDBOXING = YES;
				GCC_C_LANGUAGE_STANDARD = gnu17;
				GCC_NO_COMMON_BLOCKS = YES;
				GCC_WARN_64_TO_32_BIT_CONVERSION = YES;
				GCC_WARN_ABOUT_RETURN_TYPE = YES_ERROR;
				GCC_WARN_UNDECLARED_SELECTOR = YES;
				GCC_WARN_UNINITIALIZED_AUTOS = YES_AGGRESSIVE;
				GCC_WARN_UNUSED_FUNCTION = YES;
				GCC_WARN_UNUSED_VARIABLE = YES;
				IPHONEOS_DEPLOYMENT_TARGET = 17.0;
				LOCALIZATION_PREFERS_STRING_CATALOGS = YES;
				MTL_ENABLE_DEBUG_INFO = NO;
				MTL_FAST_MATH = YES;
				SDKROOT = iphoneos;
				SWIFT_COMPILATION_MODE = wholemodule;
				VALIDATE_PRODUCT = YES;
			};
			name = Release;
		};
		A94F97312F1563C9004FEB6E /* Debug */ = {
			isa = XCBuildConfiguration;
			buildSettings = {
				ASSETCATALOG_COMPILER_APPICON_NAME = AppIcon;
				ASSETCATALOG_COMPILER_GLOBAL_ACCENT_COLOR_NAME = AccentColor;
				CODE_SIGN_IDENTITY = "Apple Development";
				CODE_SIGN_STYLE = Automatic;
				CURRENT_PROJECT_VERSION = 1;
				DEVELOPMENT_TEAM = 7HY234BMH2;
				ENABLE_PREVIEWS = YES;
				GENERATE_INFOPLIST_FILE = YES;
				INFOPLIST_FILE = Echoapp/Info.plist;
				INFOPLIST_KEY_NSCameraUsageDescription = "Kuil needs camera access to photograph your CV or documents for AI-powered text extraction.";
				INFOPLIST_KEY_NSPhotoLibraryUsageDescription = "Kuil needs photo library access to import your CV or documents for AI-powered text extraction.";
				INFOPLIST_KEY_NSUserTrackingUsageDescription = "Kuil uses this data to provide personalized AI content suggestions and optimize your posting strategy based on your professional activity.";
				INFOPLIST_KEY_UIApplicationSceneManifest_Generation = YES;
				INFOPLIST_KEY_UIApplicationSupportsIndirectInputEvents = YES;
				INFOPLIST_KEY_UILaunchScreen_Generation = YES;
				INFOPLIST_KEY_UISupportedInterfaceOrientations_iPad = "UIInterfaceOrientationPortrait UIInterfaceOrientationPortraitUpsideDown UIInterfaceOrientationLandscapeLeft UIInterfaceOrientationLandscapeRight";
				INFOPLIST_KEY_UISupportedInterfaceOrientations_iPhone = "UIInterfaceOrientationPortrait UIInterfaceOrientationLandscapeLeft UIInterfaceOrientationLandscapeRight";
				LD_RUNPATH_SEARCH_PATHS = (
					"$(inherited)",
					"@executable_path/Frameworks",
				);
				MARKETING_VERSION = 1.0;
				PRODUCT_BUNDLE_IDENTIFIER = ai.kuil.app;
				PRODUCT_NAME = "$(TARGET_NAME)";
				PROVISIONING_PROFILE_SPECIFIER = "";
				SWIFT_EMIT_LOC_STRINGS = YES;
				SWIFT_VERSION = 5.0;
				TARGETED_DEVICE_FAMILY = "1,2";
			};
			name = Debug;
		};
		A94F97322F1563C9004FEB6E /* Release */ = {
			isa = XCBuildConfiguration;
			buildSettings = {
				ASSETCATALOG_COMPILER_APPICON_NAME = AppIcon;
				ASSETCATALOG_COMPILER_GLOBAL_ACCENT_COLOR_NAME = AccentColor;
				CODE_SIGN_IDENTITY = "Apple Development";
				CODE_SIGN_STYLE = Automatic;
				CURRENT_PROJECT_VERSION = 1;
				DEVELOPMENT_TEAM = 7HY234BMH2;
				ENABLE_PREVIEWS = YES;
				GENERATE_INFOPLIST_FILE = YES;
				INFOPLIST_FILE = Echoapp/Info.plist;
				INFOPLIST_KEY_NSCameraUsageDescription = "Kuil needs camera access to photograph your CV or documents for AI-powered text extraction.";
				INFOPLIST_KEY_NSPhotoLibraryUsageDescription = "Kuil needs photo library access to import your CV or documents for AI-powered text extraction.";
				INFOPLIST_KEY_NSUserTrackingUsageDescription = "Kuil uses this data to provide personalized AI content suggestions and optimize your posting strategy based on your professional activity.";
				INFOPLIST_KEY_UIApplicationSceneManifest_Generation = YES;
				INFOPLIST_KEY_UIApplicationSupportsIndirectInputEvents = YES;
				INFOPLIST_KEY_UILaunchScreen_Generation = YES;
				INFOPLIST_KEY_UISupportedInterfaceOrientations_iPad = "UIInterfaceOrientationPortrait UIInterfaceOrientationPortraitUpsideDown UIInterfaceOrientationLandscapeLeft UIInterfaceOrientationLandscapeRight";
				INFOPLIST_KEY_UISupportedInterfaceOrientations_iPhone = "UIInterfaceOrientationPortrait UIInterfaceOrientationLandscapeLeft UIInterfaceOrientationLandscapeRight";
				LD_RUNPATH_SEARCH_PATHS = (
					"$(inherited)",
					"@executable_path/Frameworks",
				);
				MARKETING_VERSION = 1.0;
				PRODUCT_BUNDLE_IDENTIFIER = ai.kuil.app;
				PRODUCT_NAME = "$(TARGET_NAME)";
				PROVISIONING_PROFILE_SPECIFIER = "";
				SWIFT_EMIT_LOC_STRINGS = YES;
				SWIFT_VERSION = 5.0;
				TARGETED_DEVICE_FAMILY = "1,2";
			};
			name = Release;
		};
		A94F97342F1563C9004FEB6E /* Debug */ = {
			isa = XCBuildConfiguration;
			buildSettings = {
				BUNDLE_LOADER = "$(TEST_HOST)";
				CODE_SIGN_STYLE = Automatic;
				CURRENT_PROJECT_VERSION = 1;
				GENERATE_INFOPLIST_FILE = YES;
				IPHONEOS_DEPLOYMENT_TARGET = 17.0;
				MARKETING_VERSION = 1.0;
				PRODUCT_BUNDLE_IDENTIFIER = skander.EchoappTests;
				PRODUCT_NAME = "$(TARGET_NAME)";
				SWIFT_EMIT_LOC_STRINGS = NO;
				SWIFT_VERSION = 5.0;
				TARGETED_DEVICE_FAMILY = "1,2";
				TEST_HOST = "$(BUILT_PRODUCTS_DIR)/Echoapp.app/$(BUNDLE_EXECUTABLE_FOLDER_PATH)/Echoapp";
			};
			name = Debug;
		};
		A94F97352F1563C9004FEB6E /* Release */ = {
			isa = XCBuildConfiguration;
			buildSettings = {
				BUNDLE_LOADER = "$(TEST_HOST)";
				CODE_SIGN_STYLE = Automatic;
				CURRENT_PROJECT_VERSION = 1;
				GENERATE_INFOPLIST_FILE = YES;
				IPHONEOS_DEPLOYMENT_TARGET = 17.0;
				MARKETING_VERSION = 1.0;
				PRODUCT_BUNDLE_IDENTIFIER = skander.EchoappTests;
				PRODUCT_NAME = "$(TARGET_NAME)";
				SWIFT_EMIT_LOC_STRINGS = NO;
				SWIFT_VERSION = 5.0;
				TARGETED_DEVICE_FAMILY = "1,2";
				TEST_HOST = "$(BUILT_PRODUCTS_DIR)/Echoapp.app/$(BUNDLE_EXECUTABLE_FOLDER_PATH)/Echoapp";
			};
			name = Release;
		};
		A94F97372F1563C9004FEB6E /* Debug */ = {
			isa = XCBuildConfiguration;
			buildSettings = {
				CODE_SIGN_STYLE = Automatic;
				CURRENT_PROJECT_VERSION = 1;
				GENERATE_INFOPLIST_FILE = YES;
				MARKETING_VERSION = 1.0;
				PRODUCT_BUNDLE_IDENTIFIER = skander.EchoappUITests;
				PRODUCT_NAME = "$(TARGET_NAME)";
				SWIFT_EMIT_LOC_STRINGS = NO;
				SWIFT_VERSION = 5.0;
				TARGETED_DEVICE_FAMILY = "1,2";
				TEST_TARGET_NAME = Echoapp;
			};
			name = Debug;
		};
		A94F97382F1563C9004FEB6E /* Release */ = {
			isa = XCBuildConfiguration;
			buildSettings = {
				CODE_SIGN_STYLE = Automatic;
				CURRENT_PROJECT_VERSION = 1;
				GENERATE_INFOPLIST_FILE = YES;
				MARKETING_VERSION = 1.0;
				PRODUCT_BUNDLE_IDENTIFIER = skander.EchoappUITests;
				PRODUCT_NAME = "$(TARGET_NAME)";
				SWIFT_EMIT_LOC_STRINGS = NO;
				SWIFT_VERSION = 5.0;
				TARGETED_DEVICE_FAMILY = "1,2";
				TEST_TARGET_NAME = Echoapp;
			};
			name = Release;
		};
/* End XCBuildConfiguration section */

/* Begin XCConfigurationList section */
		A94F970A2F1563C6004FEB6E /* Build configuration list for PBXProject "Echoapp" */ = {
			isa = XCConfigurationList;
			buildConfigurations = (
				A94F972E2F1563C9004FEB6E /* Debug */,
				A94F972F2F1563C9004FEB6E /* Release */,
			);
			defaultConfigurationIsVisible = 0;
			defaultConfigurationName = Release;
		};
		A94F97302F1563C9004FEB6E /* Build configuration list for PBXNativeTarget "Echoapp" */ = {
			isa = XCConfigurationList;
			buildConfigurations = (
				A94F97312F1563C9004FEB6E /* Debug */,
				A94F97322F1563C9004FEB6E /* Release */,
			);
			defaultConfigurationIsVisible = 0;
			defaultConfigurationName = Release;
		};
		A94F97332F1563C9004FEB6E /* Build configuration list for PBXNativeTarget "EchoappTests" */ = {
			isa = XCConfigurationList;
			buildConfigurations = (
				A94F97342F1563C9004FEB6E /* Debug */,
				A94F97352F1563C9004FEB6E /* Release */,
			);
			defaultConfigurationIsVisible = 0;
			defaultConfigurationName = Release;
		};
		A94F97362F1563C9004FEB6E /* Build configuration list for PBXNativeTarget "EchoappUITests" */ = {
			isa = XCConfigurationList;
			buildConfigurations = (
				A94F97372F1563C9004FEB6E /* Debug */,
				A94F97382F1563C9004FEB6E /* Release */,
			);
			defaultConfigurationIsVisible = 0;
			defaultConfigurationName = Release;
		};
/* End XCConfigurationList section */
	};
	rootObject = A94F97072F1563C6004FEB6E /* Project object */;
}
